
Microsoft Visual Studio Solution File, Format Version 12.00
# Visual Studio Version 17
VisualStudioVersion = 17.14.36414.22 d17.14
MinimumVisualStudioVersion = 10.0.40219.1
Project("{FAE04EC0-301F-11D3-BF4B-00C04F79EFBC}") = "AppOrgXml", "AppOrgXml.csproj", "{FEB2C010-B34B-4B08-8CBF-3C5C70888F50}"
EndProject
Global
	GlobalSection(SolutionConfigurationPlatforms) = preSolution
		Debug|Any CPU = Debug|Any CPU
		Release|Any CPU = Release|Any CPU
	EndGlobalSection
	GlobalSection(ProjectConfigurationPlatforms) = postSolution
		{FEB2C010-B34B-4B08-8CBF-3C5C70888F50}.Debug|Any CPU.ActiveCfg = Debug|Any CPU
		{FEB2C010-B34B-4B08-8CBF-3C5C70888F50}.Debug|Any CPU.Build.0 = Debug|Any CPU
		{FEB2C010-B34B-4B08-8CBF-3C5C70888F50}.Release|Any CPU.ActiveCfg = Release|Any CPU
		{FEB2C010-B34B-4B08-8CBF-3C5C70888F50}.Release|Any CPU.Build.0 = Release|Any CPU
	EndGlobalSection
	GlobalSection(SolutionProperties) = preSolution
		HideSolutionNode = FALSE
	EndGlobalSection
	GlobalSection(ExtensibilityGlobals) = postSolution
		SolutionGuid = {DD5DA907-B32F-4987-AF51-815D6EAA781A}
	EndGlobalSection
EndGlobal
